<?xml version="1.0" encoding="utf-8"?>
<Project ToolsVersion="4.0" xmlns="http://schemas.microsoft.com/developer/msbuild/2003">
  <ItemGroup>
    <None Include="packages.config" />
  </ItemGroup>
  <ItemGroup>
    <ClInclude Include="src\mmap_stream.h">
      <Filter>src</Filter>
    </ClInclude>
    <ClInclude Include="src\dstorage_stream.h">
      <Filter>src</Filter>
    </ClInclude>
  </ItemGroup>
  <ItemGroup>
    <ClCompile Include="src\dstorage_stream.cpp">
      <Filter>src</Filter>
    </ClCompile>
    <ClCompile Include="src\mmap_stream.cpp">
      <Filter>src</Filter>
    </ClCompile>
    <ClCompile Include="tests\tests.cpp">
      <Filter>tests</Filter>
    </ClCompile>
  </ItemGroup>
  <ItemGroup>
    <Filter Include="src">
      <UniqueIdentifier>{aa3a770a-8d15-44f6-a6bd-dc352f646254}</UniqueIdentifier>
    </Filter>
    <Filter Include="tests">
      <UniqueIdentifier>{a19020ee-dc52-4b42-8072-ee6bc67b932b}</UniqueIdentifier>
    </Filter>
  </ItemGroup>
</Project>